// !$*UTF8*$!
{
	archiveVersion = 1;
	classes = {
	};
	objectVersion = 46;
	objects = {

/* Begin PBXBuildFile section */
		616469961979F79B00A0F596 /* Foundation.framework in Frameworks */ = {isa = PBXBuildFile; fileRef = 616469951979F79B00A0F596 /* Foundation.framework */; };
		616469981979F79B00A0F596 /* CoreGraphics.framework in Frameworks */ = {isa = PBXBuildFile; fileRef = 616469971979F79B00A0F596 /* CoreGraphics.framework */; };
		6164699A1979F79B00A0F596 /* UIKit.framework in Frameworks */ = {isa = PBXBuildFile; fileRef = 616469991979F79B00A0F596 /* UIKit.framework */; };
		616469A01979F79B00A0F596 /* InfoPlist.strings in Resources */ = {isa = PBXBuildFile; fileRef = 6164699E1979F79B00A0F596 /* InfoPlist.strings */; };
		616469A21979F79B00A0F596 /* main.m in Sources */ = {isa = PBXBuildFile; fileRef = 616469A11979F79B00A0F596 /* main.m */; };
		616469A61979F79B00A0F596 /* _1aAppDelegate.m in Sources */ = {isa = PBXBuildFile; fileRef = 616469A51979F79B00A0F596 /* _1aAppDelegate.m */; };
		616469A91979F79B00A0F596 /* Main_iPhone.storyboard in Resources */ = {isa = PBXBuildFile; fileRef = 616469A71979F79B00A0F596 /* Main_iPhone.storyboard */; };
		616469AC1979F79B00A0F596 /* Main_iPad.storyboard in Resources */ = {isa = PBXBuildFile; fileRef = 616469AA1979F79B00A0F596 /* Main_iPad.storyboard */; };
		616469AF1979F79B00A0F596 /* _1aViewController.m in Sources */ = {isa = PBXBuildFile; fileRef = 616469AE1979F79B00A0F596 /* _1aViewController.m */; };
		616469B11979F79B00A0F596 /* Images.xcassets in Resources */ = {isa = PBXBuildFile; fileRef = 616469B01979F79B00A0F596 /* Images.xcassets */; };
		616469B81979F79B00A0F596 /* XCTest.framework in Frameworks */ = {isa = PBXBuildFile; fileRef = 616469B71979F79B00A0F596 /* XCTest.framework */; };
		616469B91979F79B00A0F596 /* Foundation.framework in Frameworks */ = {isa = PBXBuildFile; fileRef = 616469951979F79B00A0F596 /* Foundation.framework */; };
		616469BA1979F79B00A0F596 /* UIKit.framework in Frameworks */ = {isa = PBXBuildFile; fileRef = 616469991979F79B00A0F596 /* UIKit.framework */; };
		616469C21979F79B00A0F596 /* InfoPlist.strings in Resources */ = {isa = PBXBuildFile; fileRef = 616469C01979F79B00A0F596 /* InfoPlist.strings */; };
		616469C41979F79B00A0F596 /* cs61a_hackTests.m in Sources */ = {isa = PBXBuildFile; fileRef = 616469C31979F79B00A0F596 /* cs61a_hackTests.m */; };
		616469CE1979F7A600A0F596 /* AVFoundation.framework in Frameworks */ = {isa = PBXBuildFile; fileRef = 616469CD1979F7A600A0F596 /* AVFoundation.framework */; };
		616469D01979F7C000A0F596 /* MobileCoreServices.framework in Frameworks */ = {isa = PBXBuildFile; fileRef = 616469CF1979F7C000A0F596 /* MobileCoreServices.framework */; };
		616469D21979F7C800A0F596 /* SystemConfiguration.framework in Frameworks */ = {isa = PBXBuildFile; fileRef = 616469D11979F7C800A0F596 /* SystemConfiguration.framework */; };
		616469D51979F7E000A0F596 /* Wit.bundle in Resources */ = {isa = PBXBuildFile; fileRef = 616469D31979F7E000A0F596 /* Wit.bundle */; };
		616469D61979F7E000A0F596 /* Wit.framework in Frameworks */ = {isa = PBXBuildFile; fileRef = 616469D41979F7E000A0F596 /* Wit.framework */; };
/* End PBXBuildFile section */

/* Begin PBXContainerItemProxy section */
		616469BB1979F79B00A0F596 /* PBXContainerItemProxy */ = {
			isa = PBXContainerItemProxy;
			containerPortal = 6164698A1979F79B00A0F596 /* Project object */;
			proxyType = 1;
			remoteGlobalIDString = 616469911979F79B00A0F596;
			remoteInfo = "cs61a-hack";
		};
/* End PBXContainerItemProxy section */

/* Begin PBXFileReference section */
		616469921979F79B00A0F596 /* cs61a-hack.app */ = {isa = PBXFileReference; explicitFileType = wrapper.application; includeInIndex = 0; path = "cs61a-hack.app"; sourceTree = BUILT_PRODUCTS_DIR; };
		616469951979F79B00A0F596 /* Foundation.framework */ = {isa = PBXFileReference; lastKnownFileType = wrapper.framework; name = Foundation.framework; path = System/Library/Frameworks/Foundation.framework; sourceTree = SDKROOT; };
		616469971979F79B00A0F596 /* CoreGraphics.framework */ = {isa = PBXFileReference; lastKnownFileType = wrapper.framework; name = CoreGraphics.framework; path = System/Library/Frameworks/CoreGraphics.framework; sourceTree = SDKROOT; };
		616469991979F79B00A0F596 /* UIKit.framework */ = {isa = PBXFileReference; lastKnownFileType = wrapper.framework; name = UIKit.framework; path = System/Library/Frameworks/UIKit.framework; sourceTree = SDKROOT; };
		6164699D1979F79B00A0F596 /* cs61a-hack-Info.plist */ = {isa = PBXFileReference; lastKnownFileType = text.plist.xml; path = "cs61a-hack-Info.plist"; sourceTree = "<group>"; };
		6164699F1979F79B00A0F596 /* en */ = {isa = PBXFileReference; lastKnownFileType = text.plist.strings; name = en; path = en.lproj/InfoPlist.strings; sourceTree = "<group>"; };
		616469A11979F79B00A0F596 /* main.m */ = {isa = PBXFileReference; lastKnownFileType = sourcecode.c.objc; path = main.m; sourceTree = "<group>"; };
		616469A31979F79B00A0F596 /* cs61a-hack-Prefix.pch */ = {isa = PBXFileReference; lastKnownFileType = sourcecode.c.h; path = "cs61a-hack-Prefix.pch"; sourceTree = "<group>"; };
		616469A41979F79B00A0F596 /* _1aAppDelegate.h */ = {isa = PBXFileReference; lastKnownFileType = sourcecode.c.h; path = _1aAppDelegate.h; sourceTree = "<group>"; };
		616469A51979F79B00A0F596 /* _1aAppDelegate.m */ = {isa = PBXFileReference; lastKnownFileType = sourcecode.c.objc; path = _1aAppDelegate.m; sourceTree = "<group>"; };
		616469A81979F79B00A0F596 /* Base */ = {isa = PBXFileReference; lastKnownFileType = file.storyboard; name = Base; path = Base.lproj/Main_iPhone.storyboard; sourceTree = "<group>"; };
		616469AB1979F79B00A0F596 /* Base */ = {isa = PBXFileReference; lastKnownFileType = file.storyboard; name = Base; path = Base.lproj/Main_iPad.storyboard; sourceTree = "<group>"; };
		616469AD1979F79B00A0F596 /* _1aViewController.h */ = {isa = PBXFileReference; lastKnownFileType = sourcecode.c.h; path = _1aViewController.h; sourceTree = "<group>"; };
		616469AE1979F79B00A0F596 /* _1aViewController.m */ = {isa = PBXFileReference; lastKnownFileType = sourcecode.c.objc; path = _1aViewController.m; sourceTree = "<group>"; };
		616469B01979F79B00A0F596 /* Images.xcassets */ = {isa = PBXFileReference; lastKnownFileType = folder.assetcatalog; path = Images.xcassets; sourceTree = "<group>"; };
		616469B61979F79B00A0F596 /* cs61a-hackTests.xctest */ = {isa = PBXFileReference; explicitFileType = wrapper.cfbundle; includeInIndex = 0; path = "cs61a-hackTests.xctest"; sourceTree = BUILT_PRODUCTS_DIR; };
		616469B71979F79B00A0F596 /* XCTest.framework */ = {isa = PBXFileReference; lastKnownFileType = wrapper.framework; name = XCTest.framework; path = Library/Frameworks/XCTest.framework; sourceTree = DEVELOPER_DIR; };
		616469BF1979F79B00A0F596 /* cs61a-hackTests-Info.plist */ = {isa = PBXFileReference; lastKnownFileType = text.plist.xml; path = "cs61a-hackTests-Info.plist"; sourceTree = "<group>"; };
		616469C11979F79B00A0F596 /* en */ = {isa = PBXFileReference; lastKnownFileType = text.plist.strings; name = en; path = en.lproj/InfoPlist.strings; sourceTree = "<group>"; };
		616469C31979F79B00A0F596 /* cs61a_hackTests.m */ = {isa = PBXFileReference; lastKnownFileType = sourcecode.c.objc; path = cs61a_hackTests.m; sourceTree = "<group>"; };
		616469CD1979F7A600A0F596 /* AVFoundation.framework */ = {isa = PBXFileReference; lastKnownFileType = wrapper.framework; name = AVFoundation.framework; path = System/Library/Frameworks/AVFoundation.framework; sourceTree = SDKROOT; };
		616469CF1979F7C000A0F596 /* MobileCoreServices.framework */ = {isa = PBXFileReference; lastKnownFileType = wrapper.framework; name = MobileCoreServices.framework; path = System/Library/Frameworks/MobileCoreServices.framework; sourceTree = SDKROOT; };
		616469D11979F7C800A0F596 /* SystemConfiguration.framework */ = {isa = PBXFileReference; lastKnownFileType = wrapper.framework; name = SystemConfiguration.framework; path = System/Library/Frameworks/SystemConfiguration.framework; sourceTree = SDKROOT; };
		616469D31979F7E000A0F596 /* Wit.bundle */ = {isa = PBXFileReference; lastKnownFileType = "wrapper.plug-in"; name = Wit.bundle; path = "../../../../Downloads/Wit-1.2.1/Wit.bundle"; sourceTree = "<group>"; };
		616469D41979F7E000A0F596 /* Wit.framework */ = {isa = PBXFileReference; lastKnownFileType = wrapper.framework; name = Wit.framework; path = "../../../../Downloads/Wit-1.2.1/Wit.framework"; sourceTree = "<group>"; };
/* End PBXFileReference section */

/* Begin PBXFrameworksBuildPhase section */
		6164698F1979F79B00A0F596 /* Frameworks */ = {
			isa = PBXFrameworksBuildPhase;
			buildActionMask = 2147483647;
			files = (
				616469D21979F7C800A0F596 /* SystemConfiguration.framework in Frameworks */,
				616469D01979F7C000A0F596 /* MobileCoreServices.framework in Frameworks */,
				616469CE1979F7A600A0F596 /* AVFoundation.framework in Frameworks */,
				616469981979F79B00A0F596 /* CoreGraphics.framework in Frameworks */,
				616469D61979F7E000A0F596 /* Wit.framework in Frameworks */,
				6164699A1979F79B00A0F596 /* UIKit.framework in Frameworks */,
				616469961979F79B00A0F596 /* Foundation.framework in Frameworks */,
			);
			runOnlyForDeploymentPostprocessing = 0;
		};
		616469B31979F79B00A0F596 /* Frameworks */ = {
			isa = PBXFrameworksBuildPhase;
			buildActionMask = 2147483647;
			files = (
				616469B81979F79B00A0F596 /* XCTest.framework in Frameworks */,
				616469BA1979F79B00A0F596 /* UIKit.framework in Frameworks */,
				616469B91979F79B00A0F596 /* Foundation.framework in Frameworks */,
			);
			runOnlyForDeploymentPostprocessing = 0;
		};
/* End PBXFrameworksBuildPhase section */

/* Begin PBXGroup section */
		616469891979F79B00A0F596 = {
			isa = PBXGroup;
			children = (
				6164699B1979F79B00A0F596 /* cs61a-hack */,
				616469BD1979F79B00A0F596 /* cs61a-hackTests */,
				616469941979F79B00A0F596 /* Frameworks */,
				616469931979F79B00A0F596 /* Products */,
			);
			sourceTree = "<group>";
		};
		616469931979F79B00A0F596 /* Products */ = {
			isa = PBXGroup;
			children = (
				616469921979F79B00A0F596 /* cs61a-hack.app */,
				616469B61979F79B00A0F596 /* cs61a-hackTests.xctest */,
			);
			name = Products;
			sourceTree = "<group>";
		};
		616469941979F79B00A0F596 /* Frameworks */ = {
			isa = PBXGroup;
			children = (
				616469D11979F7C800A0F596 /* SystemConfiguration.framework */,
				616469CF1979F7C000A0F596 /* MobileCoreServices.framework */,
				616469CD1979F7A600A0F596 /* AVFoundation.framework */,
				616469951979F79B00A0F596 /* Foundation.framework */,
				616469971979F79B00A0F596 /* CoreGraphics.framework */,
				616469991979F79B00A0F596 /* UIKit.framework */,
				616469B71979F79B00A0F596 /* XCTest.framework */,
			);
			name = Frameworks;
			sourceTree = "<group>";
		};
		6164699B1979F79B00A0F596 /* cs61a-hack */ = {
			isa = PBXGroup;
			children = (
				616469A41979F79B00A0F596 /* _1aAppDelegate.h */,
				616469A51979F79B00A0F596 /* _1aAppDelegate.m */,
				616469A71979F79B00A0F596 /* Main_iPhone.storyboard */,
				616469AA1979F79B00A0F596 /* Main_iPad.storyboard */,
				616469AD1979F79B00A0F596 /* _1aViewController.h */,
				616469AE1979F79B00A0F596 /* _1aViewController.m */,
				616469B01979F79B00A0F596 /* Images.xcassets */,
				6164699C1979F79B00A0F596 /* Supporting Files */,
			);
			path = "cs61a-hack";
			sourceTree = "<group>";
		};
		6164699C1979F79B00A0F596 /* Supporting Files */ = {
			isa = PBXGroup;
			children = (
				6164699D1979F79B00A0F596 /* cs61a-hack-Info.plist */,
				6164699E1979F79B00A0F596 /* InfoPlist.strings */,
				616469A11979F79B00A0F596 /* main.m */,
				616469A31979F79B00A0F596 /* cs61a-hack-Prefix.pch */,
				616469D31979F7E000A0F596 /* Wit.bundle */,
				616469D41979F7E000A0F596 /* Wit.framework */,
			);
			name = "Supporting Files";
			sourceTree = "<group>";
		};
		616469BD1979F79B00A0F596 /* cs61a-hackTests */ = {
			isa = PBXGroup;
			children = (
				616469C31979F79B00A0F596 /* cs61a_hackTests.m */,
				616469BE1979F79B00A0F596 /* Supporting Files */,
			);
			path = "cs61a-hackTests";
			sourceTree = "<group>";
		};
		616469BE1979F79B00A0F596 /* Supporting Files */ = {
			isa = PBXGroup;
			children = (
				616469BF1979F79B00A0F596 /* cs61a-hackTests-Info.plist */,
				616469C01979F79B00A0F596 /* InfoPlist.strings */,
			);
			name = "Supporting Files";
			sourceTree = "<group>";
		};
/* End PBXGroup section */

/* Begin PBXNativeTarget section */
		616469911979F79B00A0F596 /* cs61a-hack */ = {
			isa = PBXNativeTarget;
			buildConfigurationList = 616469C71979F79B00A0F596 /* Build configuration list for PBXNativeTarget "cs61a-hack" */;
			buildPhases = (
				6164698E1979F79B00A0F596 /* Sources */,
				6164698F1979F79B00A0F596 /* Frameworks */,
				616469901979F79B00A0F596 /* Resources */,
			);
			buildRules = (
			);
			dependencies = (
			);
			name = "cs61a-hack";
			productName = "cs61a-hack";
			productReference = 616469921979F79B00A0F596 /* cs61a-hack.app */;
			productType = "com.apple.product-type.application";
		};
		616469B51979F79B00A0F596 /* cs61a-hackTests */ = {
			isa = PBXNativeTarget;
			buildConfigurationList = 616469CA1979F79B00A0F596 /* Build configuration list for PBXNativeTarget "cs61a-hackTests" */;
			buildPhases = (
				616469B21979F79B00A0F596 /* Sources */,
				616469B31979F79B00A0F596 /* Frameworks */,
				616469B41979F79B00A0F596 /* Resources */,
			);
			buildRules = (
			);
			dependencies = (
				616469BC1979F79B00A0F596 /* PBXTargetDependency */,
			);
			name = "cs61a-hackTests";
			productName = "cs61a-hackTests";
			productReference = 616469B61979F79B00A0F596 /* cs61a-hackTests.xctest */;
			productType = "com.apple.product-type.bundle.unit-test";
		};
/* End PBXNativeTarget section */

/* Begin PBXProject section */
		6164698A1979F79B00A0F596 /* Project object */ = {
			isa = PBXProject;
			attributes = {
				CLASSPREFIX = 61a;
				LastUpgradeCheck = 0510;
				ORGANIZATIONNAME = "___FULLUSERNAME___";
				TargetAttributes = {
					616469B51979F79B00A0F596 = {
						TestTargetID = 616469911979F79B00A0F596;
					};
				};
			};
			buildConfigurationList = 6164698D1979F79B00A0F596 /* Build configuration list for PBXProject "cs61a-hack" */;
			compatibilityVersion = "Xcode 3.2";
			developmentRegion = English;
			hasScannedForEncodings = 0;
			knownRegions = (
				en,
				Base,
			);
			mainGroup = 616469891979F79B00A0F596;
			productRefGroup = 616469931979F79B00A0F596 /* Products */;
			projectDirPath = "";
			projectRoot = "";
			targets = (
				616469911979F79B00A0F596 /* cs61a-hack */,
				616469B51979F79B00A0F596 /* cs61a-hackTests */,
			);
		};
/* End PBXProject section */

/* Begin PBXResourcesBuildPhase section */
		616469901979F79B00A0F596 /* Resources */ = {
			isa = PBXResourcesBuildPhase;
			buildActionMask = 2147483647;
			files = (
				616469D51979F7E000A0F596 /* Wit.bundle in Resources */,
				616469AC1979F79B00A0F596 /* Main_iPad.storyboard in Resources */,
				616469B11979F79B00A0F596 /* Images.xcassets in Resources */,
				616469A91979F79B00A0F596 /* Main_iPhone.storyboard in Resources */,
				616469A01979F79B00A0F596 /* InfoPlist.strings in Resources */,
			);
			runOnlyForDeploymentPostprocessing = 0;
		};
		616469B41979F79B00A0F596 /* Resources */ = {
			isa = PBXResourcesBuildPhase;
			buildActionMask = 2147483647;
			files = (
				616469C21979F79B00A0F596 /* InfoPlist.strings in Resources */,
			);
			runOnlyForDeploymentPostprocessing = 0;
		};
/* End PBXResourcesBuildPhase section */

/* Begin PBXSourcesBuildPhase section */
		6164698E1979F79B00A0F596 /* Sources */ = {
			isa = PBXSourcesBuildPhase;
			buildActionMask = 2147483647;
			files = (
				616469A61979F79B00A0F596 /* _1aAppDelegate.m in Sources */,
				616469AF1979F79B00A0F596 /* _1aViewController.m in Sources */,
				616469A21979F79B00A0F596 /* main.m in Sources */,
			);
			runOnlyForDeploymentPostprocessing = 0;
		};
		616469B21979F79B00A0F596 /* Sources */ = {
			isa = PBXSourcesBuildPhase;
			buildActionMask = 2147483647;
			files = (
				616469C41979F79B00A0F596 /* cs61a_hackTests.m in Sources */,
			);
			runOnlyForDeploymentPostprocessing = 0;
		};
/* End PBXSourcesBuildPhase section */

/* Begin PBXTargetDependency section */
		616469BC1979F79B00A0F596 /* PBXTargetDependency */ = {
			isa = PBXTargetDependency;
			target = 616469911979F79B00A0F596 /* cs61a-hack */;
			targetProxy = 616469BB1979F79B00A0F596 /* PBXContainerItemProxy */;
		};
/* End PBXTargetDependency section */

/* Begin PBXVariantGroup section */
		6164699E1979F79B00A0F596 /* InfoPlist.strings */ = {
			isa = PBXVariantGroup;
			children = (
				6164699F1979F79B00A0F596 /* en */,
			);
			name = InfoPlist.strings;
			sourceTree = "<group>";
		};
		616469A71979F79B00A0F596 /* Main_iPhone.storyboard */ = {
			isa = PBXVariantGroup;
			children = (
				616469A81979F79B00A0F596 /* Base */,
			);
			name = Main_iPhone.storyboard;
			sourceTree = "<group>";
		};
		616469AA1979F79B00A0F596 /* Main_iPad.storyboard */ = {
			isa = PBXVariantGroup;
			children = (
				616469AB1979F79B00A0F596 /* Base */,
			);
			name = Main_iPad.storyboard;
			sourceTree = "<group>";
		};
		616469C01979F79B00A0F596 /* InfoPlist.strings */ = {
			isa = PBXVariantGroup;
			children = (
				616469C11979F79B00A0F596 /* en */,
			);
			name = InfoPlist.strings;
			sourceTree = "<group>";
		};
/* End PBXVariantGroup section */

/* Begin XCBuildConfiguration section */
		616469C51979F79B00A0F596 /* Debug */ = {
			isa = XCBuildConfiguration;
			buildSettings = {
				ALWAYS_SEARCH_USER_PATHS = NO;
				CLANG_CXX_LANGUAGE_STANDARD = "gnu++0x";
				CLANG_CXX_LIBRARY = "libc++";
				CLANG_ENABLE_MODULES = YES;
				CLANG_ENABLE_OBJC_ARC = YES;
				CLANG_WARN_BOOL_CONVERSION = YES;
				CLANG_WARN_CONSTANT_CONVERSION = YES;
				CLANG_WARN_DIRECT_OBJC_ISA_USAGE = YES_ERROR;
				CLANG_WARN_EMPTY_BODY = YES;
				CLANG_WARN_ENUM_CONVERSION = YES;
				CLANG_WARN_INT_CONVERSION = YES;
				CLANG_WARN_OBJC_ROOT_CLASS = YES_ERROR;
				CLANG_WARN__DUPLICATE_METHOD_MATCH = YES;
				"CODE_SIGN_IDENTITY[sdk=iphoneos*]" = "iPhone Developer";
				COPY_PHASE_STRIP = NO;
				GCC_C_LANGUAGE_STANDARD = gnu99;
				GCC_DYNAMIC_NO_PIC = NO;
				GCC_OPTIMIZATION_LEVEL = 0;
				GCC_PREPROCESSOR_DEFINITIONS = (
					"DEBUG=1",
					"$(inherited)",
				);
				GCC_SYMBOLS_PRIVATE_EXTERN = NO;
				GCC_WARN_64_TO_32_BIT_CONVERSION = YES;
				GCC_WARN_ABOUT_RETURN_TYPE = YES_ERROR;
				GCC_WARN_UNDECLARED_SELECTOR = YES;
				GCC_WARN_UNINITIALIZED_AUTOS = YES_AGGRESSIVE;
				GCC_WARN_UNUSED_FUNCTION = YES;
				GCC_WARN_UNUSED_VARIABLE = YES;
				IPHONEOS_DEPLOYMENT_TARGET = 7.1;
				ONLY_ACTIVE_ARCH = YES;
				SDKROOT = iphoneos;
				TARGETED_DEVICE_FAMILY = "1,2";
			};
			name = Debug;
		};
		616469C61979F79B00A0F596 /* Release */ = {
			isa = XCBuildConfiguration;
			buildSettings = {
				ALWAYS_SEARCH_USER_PATHS = NO;
				CLANG_CXX_LANGUAGE_STANDARD = "gnu++0x";
				CLANG_CXX_LIBRARY = "libc++";
				CLANG_ENABLE_MODULES = YES;
				CLANG_ENABLE_OBJC_ARC = YES;
				CLANG_WARN_BOOL_CONVERSION = YES;
				CLANG_WARN_CONSTANT_CONVERSION = YES;
				CLANG_WARN_DIRECT_OBJC_ISA_USAGE = YES_ERROR;
				CLANG_WARN_EMPTY_BODY = YES;
				CLANG_WARN_ENUM_CONVERSION = YES;
				CLANG_WARN_INT_CONVERSION = YES;
				CLANG_WARN_OBJC_ROOT_CLASS = YES_ERROR;
				CLANG_WARN__DUPLICATE_METHOD_MATCH = YES;
				"CODE_SIGN_IDENTITY[sdk=iphoneos*]" = "iPhone Developer";
				COPY_PHASE_STRIP = YES;
				ENABLE_NS_ASSERTIONS = NO;
				GCC_C_LANGUAGE_STANDARD = gnu99;
				GCC_WARN_64_TO_32_BIT_CONVERSION = YES;
				GCC_WARN_ABOUT_RETURN_TYPE = YES_ERROR;
				GCC_WARN_UNDECLARED_SELECTOR = YES;
				GCC_WARN_UNINITIALIZED_AUTOS = YES_AGGRESSIVE;
				GCC_WARN_UNUSED_FUNCTION = YES;
				GCC_WARN_UNUSED_VARIABLE = YES;
				IPHONEOS_DEPLOYMENT_TARGET = 7.1;
				SDKROOT = iphoneos;
				TARGETED_DEVICE_FAMILY = "1,2";
				VALIDATE_PRODUCT = YES;
			};
			name = Release;
		};
		616469C81979F79B00A0F596 /* Debug */ = {
			isa = XCBuildConfiguration;
			buildSettings = {
				ASSETCATALOG_COMPILER_APPICON_NAME = AppIcon;
				ASSETCATALOG_COMPILER_LAUNCHIMAGE_NAME = LaunchImage;
				FRAMEWORK_SEARCH_PATHS = (
					"$(inherited)",
					"/Users/hansenchang/Downloads/Wit-1.2.1",
				);
				GCC_PRECOMPILE_PREFIX_HEADER = YES;
				GCC_PREFIX_HEADER = "cs61a-hack/cs61a-hack-Prefix.pch";
				INFOPLIST_FILE = "cs61a-hack/cs61a-hack-Info.plist";
				PRODUCT_NAME = "$(TARGET_NAME)";
				WRAPPER_EXTENSION = app;
			};
			name = Debug;
		};
		616469C91979F79B00A0F596 /* Release */ = {
			isa = XCBuildConfiguration;
			buildSettings = {
				ASSETCATALOG_COMPILER_APPICON_NAME = AppIcon;
				ASSETCATALOG_COMPILER_LAUNCHIMAGE_NAME = LaunchImage;
				FRAMEWORK_SEARCH_PATHS = (
					"$(inherited)",
					"/Users/hansenchang/Downloads/Wit-1.2.1",
				);
				GCC_PRECOMPILE_PREFIX_HEADER = YES;
				GCC_PREFIX_HEADER = "cs61a-hack/cs61a-hack-Prefix.pch";
				INFOPLIST_FILE = "cs61a-hack/cs61a-hack-Info.plist";
				PRODUCT_NAME = "$(TARGET_NAME)";
				WRAPPER_EXTENSION = app;
			};
			name = Release;
		};
		616469CB1979F79B00A0F596 /* Debug */ = {
			isa = XCBuildConfiguration;
			buildSettings = {
				BUNDLE_LOADER = "$(BUILT_PRODUCTS_DIR)/cs61a-hack.app/cs61a-hack";
				FRAMEWORK_SEARCH_PATHS = (
					"$(SDKROOT)/Developer/Library/Frameworks",
					"$(inherited)",
					"$(DEVELOPER_FRAMEWORKS_DIR)",
				);
				GCC_PRECOMPILE_PREFIX_HEADER = YES;
				GCC_PREFIX_HEADER = "cs61a-hack/cs61a-hack-Prefix.pch";
				GCC_PREPROCESSOR_DEFINITIONS = (
					"DEBUG=1",
					"$(inherited)",
				);
				INFOPLIST_FILE = "cs61a-hackTests/cs61a-hackTests-Info.plist";
				PRODUCT_NAME = "$(TARGET_NAME)";
				TEST_HOST = "$(BUNDLE_LOADER)";
				WRAPPER_EXTENSION = xctest;
			};
			name = Debug;
		};
		616469CC1979F79B00A0F596 /* Release */ = {
			isa = XCBuildConfiguration;
			buildSettings = {
				BUNDLE_LOADER = "$(BUILT_PRODUCTS_DIR)/cs61a-hack.app/cs61a-hack";
				FRAMEWORK_SEARCH_PATHS = (
					"$(SDKROOT)/Developer/Library/Frameworks",
					"$(inherited)",
					"$(DEVELOPER_FRAMEWORKS_DIR)",
				);
				GCC_PRECOMPILE_PREFIX_HEADER = YES;
				GCC_PREFIX_HEADER = "cs61a-hack/cs61a-hack-Prefix.pch";
				INFOPLIST_FILE = "cs61a-hackTests/cs61a-hackTests-Info.plist";
				PRODUCT_NAME = "$(TARGET_NAME)";
				TEST_HOST = "$(BUNDLE_LOADER)";
				WRAPPER_EXTENSION = xctest;
			};
			name = Release;
		};
/* End XCBuildConfiguration section */

/* Begin XCConfigurationList section */
		6164698D1979F79B00A0F596 /* Build configuration list for PBXProject "cs61a-hack" */ = {
			isa = XCConfigurationList;
			buildConfigurations = (
				616469C51979F79B00A0F596 /* Debug */,
				616469C61979F79B00A0F596 /* Release */,
			);
			defaultConfigurationIsVisible = 0;
			defaultConfigurationName = Release;
		};
		616469C71979F79B00A0F596 /* Build configuration list for PBXNativeTarget "cs61a-hack" */ = {
			isa = XCConfigurationList;
			buildConfigurations = (
				616469C81979F79B00A0F596 /* Debug */,
				616469C91979F79B00A0F596 /* Release */,
			);
			defaultConfigurationIsVisible = 0;
		};
		616469CA1979F79B00A0F596 /* Build configuration list for PBXNativeTarget "cs61a-hackTests" */ = {
			isa = XCConfigurationList;
			buildConfigurations = (
				616469CB1979F79B00A0F596 /* Debug */,
				616469CC1979F79B00A0F596 /* Release */,
			);
			defaultConfigurationIsVisible = 0;
		};
/* End XCConfigurationList section */
	};
	rootObject = 6164698A1979F79B00A0F596 /* Project object */;
}
