// !$*UTF8*$!
{
	archiveVersion = 1;
	classes = {
	};
	objectVersion = 46;
	objects = {

/* Begin PBXBuildFile section */
		6160D9D7197A122800F1C280 /* Foundation.framework in Frameworks */ = {isa = PBXBuildFile; fileRef = 6160D9D6197A122800F1C280 /* Foundation.framework */; };
		6160D9D9197A122800F1C280 /* CoreGraphics.framework in Frameworks */ = {isa = PBXBuildFile; fileRef = 6160D9D8197A122800F1C280 /* CoreGraphics.framework */; };
		6160D9DB197A122800F1C280 /* UIKit.framework in Frameworks */ = {isa = PBXBuildFile; fileRef = 6160D9DA197A122800F1C280 /* UIKit.framework */; };
		6160D9E1197A122800F1C280 /* InfoPlist.strings in Resources */ = {isa = PBXBuildFile; fileRef = 6160D9DF197A122800F1C280 /* InfoPlist.strings */; };
		6160D9E3197A122800F1C280 /* main.m in Sources */ = {isa = PBXBuildFile; fileRef = 6160D9E2197A122800F1C280 /* main.m */; };
		6160D9E7197A122800F1C280 /* gpsAppDelegate.m in Sources */ = {isa = PBXBuildFile; fileRef = 6160D9E6197A122800F1C280 /* gpsAppDelegate.m */; };
		6160D9EA197A122800F1C280 /* Main_iPhone.storyboard in Resources */ = {isa = PBXBuildFile; fileRef = 6160D9E8197A122800F1C280 /* Main_iPhone.storyboard */; };
		6160D9ED197A122800F1C280 /* Main_iPad.storyboard in Resources */ = {isa = PBXBuildFile; fileRef = 6160D9EB197A122800F1C280 /* Main_iPad.storyboard */; };
		6160D9F0197A122800F1C280 /* gpsViewController.m in Sources */ = {isa = PBXBuildFile; fileRef = 6160D9EF197A122800F1C280 /* gpsViewController.m */; };
		6160D9F2197A122800F1C280 /* Images.xcassets in Resources */ = {isa = PBXBuildFile; fileRef = 6160D9F1197A122800F1C280 /* Images.xcassets */; };
		6160D9F9197A122800F1C280 /* XCTest.framework in Frameworks */ = {isa = PBXBuildFile; fileRef = 6160D9F8197A122800F1C280 /* XCTest.framework */; };
		6160D9FA197A122800F1C280 /* Foundation.framework in Frameworks */ = {isa = PBXBuildFile; fileRef = 6160D9D6197A122800F1C280 /* Foundation.framework */; };
		6160D9FB197A122800F1C280 /* UIKit.framework in Frameworks */ = {isa = PBXBuildFile; fileRef = 6160D9DA197A122800F1C280 /* UIKit.framework */; };
		6160DA03197A122800F1C280 /* InfoPlist.strings in Resources */ = {isa = PBXBuildFile; fileRef = 6160DA01197A122800F1C280 /* InfoPlist.strings */; };
		6160DA05197A122800F1C280 /* text2gpsTests.m in Sources */ = {isa = PBXBuildFile; fileRef = 6160DA04197A122800F1C280 /* text2gpsTests.m */; };
		6160DA0F197A12FF00F1C280 /* CoreLocation.framework in Frameworks */ = {isa = PBXBuildFile; fileRef = 6160DA0E197A12FF00F1C280 /* CoreLocation.framework */; };
/* End PBXBuildFile section */

/* Begin PBXContainerItemProxy section */
		6160D9FC197A122800F1C280 /* PBXContainerItemProxy */ = {
			isa = PBXContainerItemProxy;
			containerPortal = 6160D9CB197A122800F1C280 /* Project object */;
			proxyType = 1;
			remoteGlobalIDString = 6160D9D2197A122800F1C280;
			remoteInfo = text2gps;
		};
/* End PBXContainerItemProxy section */

/* Begin PBXFileReference section */
		6160D9D3197A122800F1C280 /* text2gps.app */ = {isa = PBXFileReference; explicitFileType = wrapper.application; includeInIndex = 0; path = text2gps.app; sourceTree = BUILT_PRODUCTS_DIR; };
		6160D9D6197A122800F1C280 /* Foundation.framework */ = {isa = PBXFileReference; lastKnownFileType = wrapper.framework; name = Foundation.framework; path = System/Library/Frameworks/Foundation.framework; sourceTree = SDKROOT; };
		6160D9D8197A122800F1C280 /* CoreGraphics.framework */ = {isa = PBXFileReference; lastKnownFileType = wrapper.framework; name = CoreGraphics.framework; path = System/Library/Frameworks/CoreGraphics.framework; sourceTree = SDKROOT; };
		6160D9DA197A122800F1C280 /* UIKit.framework */ = {isa = PBXFileReference; lastKnownFileType = wrapper.framework; name = UIKit.framework; path = System/Library/Frameworks/UIKit.framework; sourceTree = SDKROOT; };
		6160D9DE197A122800F1C280 /* text2gps-Info.plist */ = {isa = PBXFileReference; lastKnownFileType = text.plist.xml; path = "text2gps-Info.plist"; sourceTree = "<group>"; };
		6160D9E0197A122800F1C280 /* en */ = {isa = PBXFileReference; lastKnownFileType = text.plist.strings; name = en; path = en.lproj/InfoPlist.strings; sourceTree = "<group>"; };
		6160D9E2197A122800F1C280 /* main.m */ = {isa = PBXFileReference; lastKnownFileType = sourcecode.c.objc; path = main.m; sourceTree = "<group>"; };
		6160D9E4197A122800F1C280 /* text2gps-Prefix.pch */ = {isa = PBXFileReference; lastKnownFileType = sourcecode.c.h; path = "text2gps-Prefix.pch"; sourceTree = "<group>"; };
		6160D9E5197A122800F1C280 /* gpsAppDelegate.h */ = {isa = PBXFileReference; lastKnownFileType = sourcecode.c.h; path = gpsAppDelegate.h; sourceTree = "<group>"; };
		6160D9E6197A122800F1C280 /* gpsAppDelegate.m */ = {isa = PBXFileReference; lastKnownFileType = sourcecode.c.objc; path = gpsAppDelegate.m; sourceTree = "<group>"; };
		6160D9E9197A122800F1C280 /* Base */ = {isa = PBXFileReference; lastKnownFileType = file.storyboard; name = Base; path = Base.lproj/Main_iPhone.storyboard; sourceTree = "<group>"; };
		6160D9EC197A122800F1C280 /* Base */ = {isa = PBXFileReference; lastKnownFileType = file.storyboard; name = Base; path = Base.lproj/Main_iPad.storyboard; sourceTree = "<group>"; };
		6160D9EE197A122800F1C280 /* gpsViewController.h */ = {isa = PBXFileReference; lastKnownFileType = sourcecode.c.h; path = gpsViewController.h; sourceTree = "<group>"; };
		6160D9EF197A122800F1C280 /* gpsViewController.m */ = {isa = PBXFileReference; lastKnownFileType = sourcecode.c.objc; path = gpsViewController.m; sourceTree = "<group>"; };
		6160D9F1197A122800F1C280 /* Images.xcassets */ = {isa = PBXFileReference; lastKnownFileType = folder.assetcatalog; path = Images.xcassets; sourceTree = "<group>"; };
		6160D9F7197A122800F1C280 /* text2gpsTests.xctest */ = {isa = PBXFileReference; explicitFileType = wrapper.cfbundle; includeInIndex = 0; path = text2gpsTests.xctest; sourceTree = BUILT_PRODUCTS_DIR; };
		6160D9F8197A122800F1C280 /* XCTest.framework */ = {isa = PBXFileReference; lastKnownFileType = wrapper.framework; name = XCTest.framework; path = Library/Frameworks/XCTest.framework; sourceTree = DEVELOPER_DIR; };
		6160DA00197A122800F1C280 /* text2gpsTests-Info.plist */ = {isa = PBXFileReference; lastKnownFileType = text.plist.xml; path = "text2gpsTests-Info.plist"; sourceTree = "<group>"; };
		6160DA02197A122800F1C280 /* en */ = {isa = PBXFileReference; lastKnownFileType = text.plist.strings; name = en; path = en.lproj/InfoPlist.strings; sourceTree = "<group>"; };
		6160DA04197A122800F1C280 /* text2gpsTests.m */ = {isa = PBXFileReference; lastKnownFileType = sourcecode.c.objc; path = text2gpsTests.m; sourceTree = "<group>"; };
		6160DA0E197A12FF00F1C280 /* CoreLocation.framework */ = {isa = PBXFileReference; lastKnownFileType = wrapper.framework; name = CoreLocation.framework; path = System/Library/Frameworks/CoreLocation.framework; sourceTree = SDKROOT; };
/* End PBXFileReference section */

/* Begin PBXFrameworksBuildPhase section */
		6160D9D0197A122800F1C280 /* Frameworks */ = {
			isa = PBXFrameworksBuildPhase;
			buildActionMask = 2147483647;
			files = (
				6160DA0F197A12FF00F1C280 /* CoreLocation.framework in Frameworks */,
				6160D9D9197A122800F1C280 /* CoreGraphics.framework in Frameworks */,
				6160D9DB197A122800F1C280 /* UIKit.framework in Frameworks */,
				6160D9D7197A122800F1C280 /* Foundation.framework in Frameworks */,
			);
			runOnlyForDeploymentPostprocessing = 0;
		};
		6160D9F4197A122800F1C280 /* Frameworks */ = {
			isa = PBXFrameworksBuildPhase;
			buildActionMask = 2147483647;
			files = (
				6160D9F9197A122800F1C280 /* XCTest.framework in Frameworks */,
				6160D9FB197A122800F1C280 /* UIKit.framework in Frameworks */,
				6160D9FA197A122800F1C280 /* Foundation.framework in Frameworks */,
			);
			runOnlyForDeploymentPostprocessing = 0;
		};
/* End PBXFrameworksBuildPhase section */

/* Begin PBXGroup section */
		6160D9CA197A122800F1C280 = {
			isa = PBXGroup;
			children = (
				6160D9DC197A122800F1C280 /* text2gps */,
				6160D9FE197A122800F1C280 /* text2gpsTests */,
				6160D9D5197A122800F1C280 /* Frameworks */,
				6160D9D4197A122800F1C280 /* Products */,
			);
			sourceTree = "<group>";
		};
		6160D9D4197A122800F1C280 /* Products */ = {
			isa = PBXGroup;
			children = (
				6160D9D3197A122800F1C280 /* text2gps.app */,
				6160D9F7197A122800F1C280 /* text2gpsTests.xctest */,
			);
			name = Products;
			sourceTree = "<group>";
		};
		6160D9D5197A122800F1C280 /* Frameworks */ = {
			isa = PBXGroup;
			children = (
				6160DA0E197A12FF00F1C280 /* CoreLocation.framework */,
				6160D9D6197A122800F1C280 /* Foundation.framework */,
				6160D9D8197A122800F1C280 /* CoreGraphics.framework */,
				6160D9DA197A122800F1C280 /* UIKit.framework */,
				6160D9F8197A122800F1C280 /* XCTest.framework */,
			);
			name = Frameworks;
			sourceTree = "<group>";
		};
		6160D9DC197A122800F1C280 /* text2gps */ = {
			isa = PBXGroup;
			children = (
				6160D9E5197A122800F1C280 /* gpsAppDelegate.h */,
				6160D9E6197A122800F1C280 /* gpsAppDelegate.m */,
				6160D9E8197A122800F1C280 /* Main_iPhone.storyboard */,
				6160D9EB197A122800F1C280 /* Main_iPad.storyboard */,
				6160D9EE197A122800F1C280 /* gpsViewController.h */,
				6160D9EF197A122800F1C280 /* gpsViewController.m */,
				6160D9F1197A122800F1C280 /* Images.xcassets */,
				6160D9DD197A122800F1C280 /* Supporting Files */,
			);
			path = text2gps;
			sourceTree = "<group>";
		};
		6160D9DD197A122800F1C280 /* Supporting Files */ = {
			isa = PBXGroup;
			children = (
				6160D9DE197A122800F1C280 /* text2gps-Info.plist */,
				6160D9DF197A122800F1C280 /* InfoPlist.strings */,
				6160D9E2197A122800F1C280 /* main.m */,
				6160D9E4197A122800F1C280 /* text2gps-Prefix.pch */,
			);
			name = "Supporting Files";
			sourceTree = "<group>";
		};
		6160D9FE197A122800F1C280 /* text2gpsTests */ = {
			isa = PBXGroup;
			children = (
				6160DA04197A122800F1C280 /* text2gpsTests.m */,
				6160D9FF197A122800F1C280 /* Supporting Files */,
			);
			path = text2gpsTests;
			sourceTree = "<group>";
		};
		6160D9FF197A122800F1C280 /* Supporting Files */ = {
			isa = PBXGroup;
			children = (
				6160DA00197A122800F1C280 /* text2gpsTests-Info.plist */,
				6160DA01197A122800F1C280 /* InfoPlist.strings */,
			);
			name = "Supporting Files";
			sourceTree = "<group>";
		};
/* End PBXGroup section */

/* Begin PBXNativeTarget section */
		6160D9D2197A122800F1C280 /* text2gps */ = {
			isa = PBXNativeTarget;
			buildConfigurationList = 6160DA08197A122800F1C280 /* Build configuration list for PBXNativeTarget "text2gps" */;
			buildPhases = (
				6160D9CF197A122800F1C280 /* Sources */,
				6160D9D0197A122800F1C280 /* Frameworks */,
				6160D9D1197A122800F1C280 /* Resources */,
			);
			buildRules = (
			);
			dependencies = (
			);
			name = text2gps;
			productName = text2gps;
			productReference = 6160D9D3197A122800F1C280 /* text2gps.app */;
			productType = "com.apple.product-type.application";
		};
		6160D9F6197A122800F1C280 /* text2gpsTests */ = {
			isa = PBXNativeTarget;
			buildConfigurationList = 6160DA0B197A122800F1C280 /* Build configuration list for PBXNativeTarget "text2gpsTests" */;
			buildPhases = (
				6160D9F3197A122800F1C280 /* Sources */,
				6160D9F4197A122800F1C280 /* Frameworks */,
				6160D9F5197A122800F1C280 /* Resources */,
			);
			buildRules = (
			);
			dependencies = (
				6160D9FD197A122800F1C280 /* PBXTargetDependency */,
			);
			name = text2gpsTests;
			productName = text2gpsTests;
			productReference = 6160D9F7197A122800F1C280 /* text2gpsTests.xctest */;
			productType = "com.apple.product-type.bundle.unit-test";
		};
/* End PBXNativeTarget section */

/* Begin PBXProject section */
		6160D9CB197A122800F1C280 /* Project object */ = {
			isa = PBXProject;
			attributes = {
				CLASSPREFIX = gps;
				LastUpgradeCheck = 0510;
				ORGANIZATIONNAME = "___hansen___";
				TargetAttributes = {
					6160D9F6197A122800F1C280 = {
						TestTargetID = 6160D9D2197A122800F1C280;
					};
				};
			};
			buildConfigurationList = 6160D9CE197A122800F1C280 /* Build configuration list for PBXProject "text2gps" */;
			compatibilityVersion = "Xcode 3.2";
			developmentRegion = English;
			hasScannedForEncodings = 0;
			knownRegions = (
				en,
				Base,
			);
			mainGroup = 6160D9CA197A122800F1C280;
			productRefGroup = 6160D9D4197A122800F1C280 /* Products */;
			projectDirPath = "";
			projectRoot = "";
			targets = (
				6160D9D2197A122800F1C280 /* text2gps */,
				6160D9F6197A122800F1C280 /* text2gpsTests */,
			);
		};
/* End PBXProject section */

/* Begin PBXResourcesBuildPhase section */
		6160D9D1197A122800F1C280 /* Resources */ = {
			isa = PBXResourcesBuildPhase;
			buildActionMask = 2147483647;
			files = (
				6160D9ED197A122800F1C280 /* Main_iPad.storyboard in Resources */,
				6160D9F2197A122800F1C280 /* Images.xcassets in Resources */,
				6160D9EA197A122800F1C280 /* Main_iPhone.storyboard in Resources */,
				6160D9E1197A122800F1C280 /* InfoPlist.strings in Resources */,
			);
			runOnlyForDeploymentPostprocessing = 0;
		};
		6160D9F5197A122800F1C280 /* Resources */ = {
			isa = PBXResourcesBuildPhase;
			buildActionMask = 2147483647;
			files = (
				6160DA03197A122800F1C280 /* InfoPlist.strings in Resources */,
			);
			runOnlyForDeploymentPostprocessing = 0;
		};
/* End PBXResourcesBuildPhase section */

/* Begin PBXSourcesBuildPhase section */
		6160D9CF197A122800F1C280 /* Sources */ = {
			isa = PBXSourcesBuildPhase;
			buildActionMask = 2147483647;
			files = (
				6160D9E3197A122800F1C280 /* main.m in Sources */,
				6160D9E7197A122800F1C280 /* gpsAppDelegate.m in Sources */,
				6160D9F0197A122800F1C280 /* gpsViewController.m in Sources */,
			);
			runOnlyForDeploymentPostprocessing = 0;
		};
		6160D9F3197A122800F1C280 /* Sources */ = {
			isa = PBXSourcesBuildPhase;
			buildActionMask = 2147483647;
			files = (
				6160DA05197A122800F1C280 /* text2gpsTests.m in Sources */,
			);
			runOnlyForDeploymentPostprocessing = 0;
		};
/* End PBXSourcesBuildPhase section */

/* Begin PBXTargetDependency section */
		6160D9FD197A122800F1C280 /* PBXTargetDependency */ = {
			isa = PBXTargetDependency;
			target = 6160D9D2197A122800F1C280 /* text2gps */;
			targetProxy = 6160D9FC197A122800F1C280 /* PBXContainerItemProxy */;
		};
/* End PBXTargetDependency section */

/* Begin PBXVariantGroup section */
		6160D9DF197A122800F1C280 /* InfoPlist.strings */ = {
			isa = PBXVariantGroup;
			children = (
				6160D9E0197A122800F1C280 /* en */,
			);
			name = InfoPlist.strings;
			sourceTree = "<group>";
		};
		6160D9E8197A122800F1C280 /* Main_iPhone.storyboard */ = {
			isa = PBXVariantGroup;
			children = (
				6160D9E9197A122800F1C280 /* Base */,
			);
			name = Main_iPhone.storyboard;
			sourceTree = "<group>";
		};
		6160D9EB197A122800F1C280 /* Main_iPad.storyboard */ = {
			isa = PBXVariantGroup;
			children = (
				6160D9EC197A122800F1C280 /* Base */,
			);
			name = Main_iPad.storyboard;
			sourceTree = "<group>";
		};
		6160DA01197A122800F1C280 /* InfoPlist.strings */ = {
			isa = PBXVariantGroup;
			children = (
				6160DA02197A122800F1C280 /* en */,
			);
			name = InfoPlist.strings;
			sourceTree = "<group>";
		};
/* End PBXVariantGroup section */

/* Begin XCBuildConfiguration section */
		6160DA06197A122800F1C280 /* Debug */ = {
			isa = XCBuildConfiguration;
			buildSettings = {
				ALWAYS_SEARCH_USER_PATHS = NO;
				CLANG_CXX_LANGUAGE_STANDARD = "gnu++0x";
				CLANG_CXX_LIBRARY = "libc++";
				CLANG_ENABLE_MODULES = YES;
				CLANG_ENABLE_OBJC_ARC = YES;
				CLANG_WARN_BOOL_CONVERSION = YES;
				CLANG_WARN_CONSTANT_CONVERSION = YES;
				CLANG_WARN_DIRECT_OBJC_ISA_USAGE = YES_ERROR;
				CLANG_WARN_EMPTY_BODY = YES;
				CLANG_WARN_ENUM_CONVERSION = YES;
				CLANG_WARN_INT_CONVERSION = YES;
				CLANG_WARN_OBJC_ROOT_CLASS = YES_ERROR;
				CLANG_WARN__DUPLICATE_METHOD_MATCH = YES;
				"CODE_SIGN_IDENTITY[sdk=iphoneos*]" = "iPhone Developer";
				COPY_PHASE_STRIP = NO;
				GCC_C_LANGUAGE_STANDARD = gnu99;
				GCC_DYNAMIC_NO_PIC = NO;
				GCC_OPTIMIZATION_LEVEL = 0;
				GCC_PREPROCESSOR_DEFINITIONS = (
					"DEBUG=1",
					"$(inherited)",
				);
				GCC_SYMBOLS_PRIVATE_EXTERN = NO;
				GCC_WARN_64_TO_32_BIT_CONVERSION = YES;
				GCC_WARN_ABOUT_RETURN_TYPE = YES_ERROR;
				GCC_WARN_UNDECLARED_SELECTOR = YES;
				GCC_WARN_UNINITIALIZED_AUTOS = YES_AGGRESSIVE;
				GCC_WARN_UNUSED_FUNCTION = YES;
				GCC_WARN_UNUSED_VARIABLE = YES;
				IPHONEOS_DEPLOYMENT_TARGET = 7.1;
				ONLY_ACTIVE_ARCH = YES;
				SDKROOT = iphoneos;
				TARGETED_DEVICE_FAMILY = "1,2";
			};
			name = Debug;
		};
		6160DA07197A122800F1C280 /* Release */ = {
			isa = XCBuildConfiguration;
			buildSettings = {
				ALWAYS_SEARCH_USER_PATHS = NO;
				CLANG_CXX_LANGUAGE_STANDARD = "gnu++0x";
				CLANG_CXX_LIBRARY = "libc++";
				CLANG_ENABLE_MODULES = YES;
				CLANG_ENABLE_OBJC_ARC = YES;
				CLANG_WARN_BOOL_CONVERSION = YES;
				CLANG_WARN_CONSTANT_CONVERSION = YES;
				CLANG_WARN_DIRECT_OBJC_ISA_USAGE = YES_ERROR;
				CLANG_WARN_EMPTY_BODY = YES;
				CLANG_WARN_ENUM_CONVERSION = YES;
				CLANG_WARN_INT_CONVERSION = YES;
				CLANG_WARN_OBJC_ROOT_CLASS = YES_ERROR;
				CLANG_WARN__DUPLICATE_METHOD_MATCH = YES;
				"CODE_SIGN_IDENTITY[sdk=iphoneos*]" = "iPhone Developer";
				COPY_PHASE_STRIP = YES;
				ENABLE_NS_ASSERTIONS = NO;
				GCC_C_LANGUAGE_STANDARD = gnu99;
				GCC_WARN_64_TO_32_BIT_CONVERSION = YES;
				GCC_WARN_ABOUT_RETURN_TYPE = YES_ERROR;
				GCC_WARN_UNDECLARED_SELECTOR = YES;
				GCC_WARN_UNINITIALIZED_AUTOS = YES_AGGRESSIVE;
				GCC_WARN_UNUSED_FUNCTION = YES;
				GCC_WARN_UNUSED_VARIABLE = YES;
				IPHONEOS_DEPLOYMENT_TARGET = 7.1;
				SDKROOT = iphoneos;
				TARGETED_DEVICE_FAMILY = "1,2";
				VALIDATE_PRODUCT = YES;
			};
			name = Release;
		};
		6160DA09197A122800F1C280 /* Debug */ = {
			isa = XCBuildConfiguration;
			buildSettings = {
				ASSETCATALOG_COMPILER_APPICON_NAME = AppIcon;
				ASSETCATALOG_COMPILER_LAUNCHIMAGE_NAME = LaunchImage;
				GCC_PRECOMPILE_PREFIX_HEADER = YES;
				GCC_PREFIX_HEADER = "text2gps/text2gps-Prefix.pch";
				INFOPLIST_FILE = "text2gps/text2gps-Info.plist";
				PRODUCT_NAME = "$(TARGET_NAME)";
				WRAPPER_EXTENSION = app;
			};
			name = Debug;
		};
		6160DA0A197A122800F1C280 /* Release */ = {
			isa = XCBuildConfiguration;
			buildSettings = {
				ASSETCATALOG_COMPILER_APPICON_NAME = AppIcon;
				ASSETCATALOG_COMPILER_LAUNCHIMAGE_NAME = LaunchImage;
				GCC_PRECOMPILE_PREFIX_HEADER = YES;
				GCC_PREFIX_HEADER = "text2gps/text2gps-Prefix.pch";
				INFOPLIST_FILE = "text2gps/text2gps-Info.plist";
				PRODUCT_NAME = "$(TARGET_NAME)";
				WRAPPER_EXTENSION = app;
			};
			name = Release;
		};
		6160DA0C197A122800F1C280 /* Debug */ = {
			isa = XCBuildConfiguration;
			buildSettings = {
				BUNDLE_LOADER = "$(BUILT_PRODUCTS_DIR)/text2gps.app/text2gps";
				FRAMEWORK_SEARCH_PATHS = (
					"$(SDKROOT)/Developer/Library/Frameworks",
					"$(inherited)",
					"$(DEVELOPER_FRAMEWORKS_DIR)",
				);
				GCC_PRECOMPILE_PREFIX_HEADER = YES;
				GCC_PREFIX_HEADER = "text2gps/text2gps-Prefix.pch";
				GCC_PREPROCESSOR_DEFINITIONS = (
					"DEBUG=1",
					"$(inherited)",
				);
				INFOPLIST_FILE = "text2gpsTests/text2gpsTests-Info.plist";
				PRODUCT_NAME = "$(TARGET_NAME)";
				TEST_HOST = "$(BUNDLE_LOADER)";
				WRAPPER_EXTENSION = xctest;
			};
			name = Debug;
		};
		6160DA0D197A122800F1C280 /* Release */ = {
			isa = XCBuildConfiguration;
			buildSettings = {
				BUNDLE_LOADER = "$(BUILT_PRODUCTS_DIR)/text2gps.app/text2gps";
				FRAMEWORK_SEARCH_PATHS = (
					"$(SDKROOT)/Developer/Library/Frameworks",
					"$(inherited)",
					"$(DEVELOPER_FRAMEWORKS_DIR)",
				);
				GCC_PRECOMPILE_PREFIX_HEADER = YES;
				GCC_PREFIX_HEADER = "text2gps/text2gps-Prefix.pch";
				INFOPLIST_FILE = "text2gpsTests/text2gpsTests-Info.plist";
				PRODUCT_NAME = "$(TARGET_NAME)";
				TEST_HOST = "$(BUNDLE_LOADER)";
				WRAPPER_EXTENSION = xctest;
			};
			name = Release;
		};
/* End XCBuildConfiguration section */

/* Begin XCConfigurationList section */
		6160D9CE197A122800F1C280 /* Build configuration list for PBXProject "text2gps" */ = {
			isa = XCConfigurationList;
			buildConfigurations = (
				6160DA06197A122800F1C280 /* Debug */,
				6160DA07197A122800F1C280 /* Release */,
			);
			defaultConfigurationIsVisible = 0;
			defaultConfigurationName = Release;
		};
		6160DA08197A122800F1C280 /* Build configuration list for PBXNativeTarget "text2gps" */ = {
			isa = XCConfigurationList;
			buildConfigurations = (
				6160DA09197A122800F1C280 /* Debug */,
				6160DA0A197A122800F1C280 /* Release */,
			);
			defaultConfigurationIsVisible = 0;
		};
		6160DA0B197A122800F1C280 /* Build configuration list for PBXNativeTarget "text2gpsTests" */ = {
			isa = XCConfigurationList;
			buildConfigurations = (
				6160DA0C197A122800F1C280 /* Debug */,
				6160DA0D197A122800F1C280 /* Release */,
			);
			defaultConfigurationIsVisible = 0;
		};
/* End XCConfigurationList section */
	};
	rootObject = 6160D9CB197A122800F1C280 /* Project object */;
}
